
Microsoft Visual Studio Solution File, Format Version 12.00
# Visual Studio Version 17
VisualStudioVersion = 17.2.32616.157
MinimumVisualStudioVersion = 10.0.40219.1
Project("{FAE04EC0-301F-11D3-BF4B-00C04F79EFBC}") = "FormAppWeb", "FormAppWeb\FormAppWeb.csproj", "{40B2DE57-66E8-4D28-8AD2-08F173AC5C6E}"
EndProject
Global
	GlobalSection(SolutionConfigurationPlatforms) = preSolution
		Debug|Any CPU = Debug|Any CPU
		Release|Any CPU = Release|Any CPU
	EndGlobalSection
	GlobalSection(ProjectConfigurationPlatforms) = postSolution
		{40B2DE57-66E8-4D28-8AD2-08F173AC5C6E}.Debug|Any CPU.ActiveCfg = Debug|Any CPU
		{40B2DE57-66E8-4D28-8AD2-08F173AC5C6E}.Debug|Any CPU.Build.0 = Debug|Any CPU
		{40B2DE57-66E8-4D28-8AD2-08F173AC5C6E}.Release|Any CPU.ActiveCfg = Release|Any CPU
		{40B2DE57-66E8-4D28-8AD2-08F173AC5C6E}.Release|Any CPU.Build.0 = Release|Any CPU
	EndGlobalSection
	GlobalSection(SolutionProperties) = preSolution
		HideSolutionNode = FALSE
	EndGlobalSection
	GlobalSection(ExtensibilityGlobals) = postSolution
		SolutionGuid = {4CACD4BE-727D-4093-936D-4B124B88B4E0}
	EndGlobalSection
EndGlobal
